// !$*UTF8*$!
{
	archiveVersion = 1;
	classes = {
	};
	objectVersion = 50;
	objects = {

/* Begin PBXBuildFile section */
		2A3CDB25260E1D1C00F04F63 /* AppDelegate.swift in Sources */ = {isa = PBXBuildFile; fileRef = 2A3CDB24260E1D1C00F04F63 /* AppDelegate.swift */; };
		2A3CDB27260E1D1C00F04F63 /* SceneDelegate.swift in Sources */ = {isa = PBXBuildFile; fileRef = 2A3CDB26260E1D1C00F04F63 /* SceneDelegate.swift */; };
		2A3CDB29260E1D1C00F04F63 /* ViewController.swift in Sources */ = {isa = PBXBuildFile; fileRef = 2A3CDB28260E1D1C00F04F63 /* ViewController.swift */; };
		2A3CDB2C260E1D1C00F04F63 /* Main.storyboard in Resources */ = {isa = PBXBuildFile; fileRef = 2A3CDB2A260E1D1C00F04F63 /* Main.storyboard */; };
		2A3CDB2F260E1D1C00F04F63 /* CoreDataExample.xcdatamodeld in Sources */ = {isa = PBXBuildFile; fileRef = 2A3CDB2D260E1D1C00F04F63 /* CoreDataExample.xcdatamodeld */; };
		2A3CDB31260E1D1E00F04F63 /* Assets.xcassets in Resources */ = {isa = PBXBuildFile; fileRef = 2A3CDB30260E1D1E00F04F63 /* Assets.xcassets */; };
		2A3CDB34260E1D1E00F04F63 /* LaunchScreen.storyboard in Resources */ = {isa = PBXBuildFile; fileRef = 2A3CDB32260E1D1E00F04F63 /* LaunchScreen.storyboard */; };
		2A3CDB3F260E1D1F00F04F63 /* CoreDataExampleUITests.swift in Sources */ = {isa = PBXBuildFile; fileRef = 2A3CDB3E260E1D1F00F04F63 /* CoreDataExampleUITests.swift */; };
/* End PBXBuildFile section */

/* Begin PBXContainerItemProxy section */
		2A3CDB3B260E1D1F00F04F63 /* PBXContainerItemProxy */ = {
			isa = PBXContainerItemProxy;
			containerPortal = 2A3CDB19260E1D1C00F04F63 /* Project object */;
			proxyType = 1;
			remoteGlobalIDString = 2A3CDB20260E1D1C00F04F63;
			remoteInfo = CoreDataExample;
		};
/* End PBXContainerItemProxy section */

/* Begin PBXFileReference section */
		2A3CDB21260E1D1C00F04F63 /* CoreDataExample.app */ = {isa = PBXFileReference; explicitFileType = wrapper.application; includeInIndex = 0; path = CoreDataExample.app; sourceTree = BUILT_PRODUCTS_DIR; };
		2A3CDB24260E1D1C00F04F63 /* AppDelegate.swift */ = {isa = PBXFileReference; lastKnownFileType = sourcecode.swift; path = AppDelegate.swift; sourceTree = "<group>"; };
		2A3CDB26260E1D1C00F04F63 /* SceneDelegate.swift */ = {isa = PBXFileReference; lastKnownFileType = sourcecode.swift; path = SceneDelegate.swift; sourceTree = "<group>"; };
		2A3CDB28260E1D1C00F04F63 /* ViewController.swift */ = {isa = PBXFileReference; lastKnownFileType = sourcecode.swift; path = ViewController.swift; sourceTree = "<group>"; };
		2A3CDB2B260E1D1C00F04F63 /* Base */ = {isa = PBXFileReference; lastKnownFileType = file.storyboard; name = Base; path = Base.lproj/Main.storyboard; sourceTree = "<group>"; };
		2A3CDB2E260E1D1C00F04F63 /* CoreDataExample.xcdatamodel */ = {isa = PBXFileReference; lastKnownFileType = wrapper.xcdatamodel; path = CoreDataExample.xcdatamodel; sourceTree = "<group>"; };
		2A3CDB30260E1D1E00F04F63 /* Assets.xcassets */ = {isa = PBXFileReference; lastKnownFileType = folder.assetcatalog; path = Assets.xcassets; sourceTree = "<group>"; };
		2A3CDB33260E1D1E00F04F63 /* Base */ = {isa = PBXFileReference; lastKnownFileType = file.storyboard; name = Base; path = Base.lproj/LaunchScreen.storyboard; sourceTree = "<group>"; };
		2A3CDB35260E1D1E00F04F63 /* Info.plist */ = {isa = PBXFileReference; lastKnownFileType = text.plist.xml; path = Info.plist; sourceTree = "<group>"; };
		2A3CDB3A260E1D1F00F04F63 /* CoreDataExampleUITests.xctest */ = {isa = PBXFileReference; explicitFileType = wrapper.cfbundle; includeInIndex = 0; path = CoreDataExampleUITests.xctest; sourceTree = BUILT_PRODUCTS_DIR; };
		2A3CDB3E260E1D1F00F04F63 /* CoreDataExampleUITests.swift */ = {isa = PBXFileReference; lastKnownFileType = sourcecode.swift; path = CoreDataExampleUITests.swift; sourceTree = "<group>"; };
		2A3CDB40260E1D1F00F04F63 /* Info.plist */ = {isa = PBXFileReference; lastKnownFileType = text.plist.xml; path = Info.plist; sourceTree = "<group>"; };
/* End PBXFileReference section */

/* Begin PBXFrameworksBuildPhase section */
		2A3CDB1E260E1D1C00F04F63 /* Frameworks */ = {
			isa = PBXFrameworksBuildPhase;
			buildActionMask = 2147483647;
			files = (
			);
			runOnlyForDeploymentPostprocessing = 0;
		};
		2A3CDB37260E1D1F00F04F63 /* Frameworks */ = {
			isa = PBXFrameworksBuildPhase;
			buildActionMask = 2147483647;
			files = (
			);
			runOnlyForDeploymentPostprocessing = 0;
		};
/* End PBXFrameworksBuildPhase section */

/* Begin PBXGroup section */
		2A3CDB18260E1D1C00F04F63 = {
			isa = PBXGroup;
			children = (
				2A3CDB23260E1D1C00F04F63 /* CoreDataExample */,
				2A3CDB3D260E1D1F00F04F63 /* CoreDataExampleUITests */,
				2A3CDB22260E1D1C00F04F63 /* Products */,
			);
			sourceTree = "<group>";
		};
		2A3CDB22260E1D1C00F04F63 /* Products */ = {
			isa = PBXGroup;
			children = (
				2A3CDB21260E1D1C00F04F63 /* CoreDataExample.app */,
				2A3CDB3A260E1D1F00F04F63 /* CoreDataExampleUITests.xctest */,
			);
			name = Products;
			sourceTree = "<group>";
		};
		2A3CDB23260E1D1C00F04F63 /* CoreDataExample */ = {
			isa = PBXGroup;
			children = (
				2A3CDB24260E1D1C00F04F63 /* AppDelegate.swift */,
				2A3CDB26260E1D1C00F04F63 /* SceneDelegate.swift */,
				2A3CDB28260E1D1C00F04F63 /* ViewController.swift */,
				2A3CDB2A260E1D1C00F04F63 /* Main.storyboard */,
				2A3CDB30260E1D1E00F04F63 /* Assets.xcassets */,
				2A3CDB32260E1D1E00F04F63 /* LaunchScreen.storyboard */,
				2A3CDB35260E1D1E00F04F63 /* Info.plist */,
				2A3CDB2D260E1D1C00F04F63 /* CoreDataExample.xcdatamodeld */,
			);
			path = CoreDataExample;
			sourceTree = "<group>";
		};
		2A3CDB3D260E1D1F00F04F63 /* CoreDataExampleUITests */ = {
			isa = PBXGroup;
			children = (
				2A3CDB3E260E1D1F00F04F63 /* CoreDataExampleUITests.swift */,
				2A3CDB40260E1D1F00F04F63 /* Info.plist */,
			);
			path = CoreDataExampleUITests;
			sourceTree = "<group>";
		};
/* End PBXGroup section */

/* Begin PBXNativeTarget section */
		2A3CDB20260E1D1C00F04F63 /* CoreDataExample */ = {
			isa = PBXNativeTarget;
			buildConfigurationList = 2A3CDB43260E1D1F00F04F63 /* Build configuration list for PBXNativeTarget "CoreDataExample" */;
			buildPhases = (
				2A3CDB1D260E1D1C00F04F63 /* Sources */,
				2A3CDB1E260E1D1C00F04F63 /* Frameworks */,
				2A3CDB1F260E1D1C00F04F63 /* Resources */,
			);
			buildRules = (
			);
			dependencies = (
			);
			name = CoreDataExample;
			productName = CoreDataExample;
			productReference = 2A3CDB21260E1D1C00F04F63 /* CoreDataExample.app */;
			productType = "com.apple.product-type.application";
		};
		2A3CDB39260E1D1F00F04F63 /* CoreDataExampleUITests */ = {
			isa = PBXNativeTarget;
			buildConfigurationList = 2A3CDB46260E1D1F00F04F63 /* Build configuration list for PBXNativeTarget "CoreDataExampleUITests" */;
			buildPhases = (
				2A3CDB36260E1D1F00F04F63 /* Sources */,
				2A3CDB37260E1D1F00F04F63 /* Frameworks */,
				2A3CDB38260E1D1F00F04F63 /* Resources */,
			);
			buildRules = (
			);
			dependencies = (
				2A3CDB3C260E1D1F00F04F63 /* PBXTargetDependency */,
			);
			name = CoreDataExampleUITests;
			productName = CoreDataExampleUITests;
			productReference = 2A3CDB3A260E1D1F00F04F63 /* CoreDataExampleUITests.xctest */;
			productType = "com.apple.product-type.bundle.ui-testing";
		};
/* End PBXNativeTarget section */

/* Begin PBXProject section */
		2A3CDB19260E1D1C00F04F63 /* Project object */ = {
			isa = PBXProject;
			attributes = {
				LastSwiftUpdateCheck = 1130;
				LastUpgradeCheck = 1130;
				ORGANIZATIONNAME = "Lokesh Kumar Vyas";
				TargetAttributes = {
					2A3CDB20260E1D1C00F04F63 = {
						CreatedOnToolsVersion = 11.3;
					};
					2A3CDB39260E1D1F00F04F63 = {
						CreatedOnToolsVersion = 11.3;
						TestTargetID = 2A3CDB20260E1D1C00F04F63;
					};
				};
			};
			buildConfigurationList = 2A3CDB1C260E1D1C00F04F63 /* Build configuration list for PBXProject "CoreDataExample" */;
			compatibilityVersion = "Xcode 9.3";
			developmentRegion = en;
			hasScannedForEncodings = 0;
			knownRegions = (
				en,
				Base,
			);
			mainGroup = 2A3CDB18260E1D1C00F04F63;
			productRefGroup = 2A3CDB22260E1D1C00F04F63 /* Products */;
			projectDirPath = "";
			projectRoot = "";
			targets = (
				2A3CDB20260E1D1C00F04F63 /* CoreDataExample */,
				2A3CDB39260E1D1F00F04F63 /* CoreDataExampleUITests */,
			);
		};
/* End PBXProject section */

/* Begin PBXResourcesBuildPhase section */
		2A3CDB1F260E1D1C00F04F63 /* Resources */ = {
			isa = PBXResourcesBuildPhase;
			buildActionMask = 2147483647;
			files = (
				2A3CDB34260E1D1E00F04F63 /* LaunchScreen.storyboard in Resources */,
				2A3CDB31260E1D1E00F04F63 /* Assets.xcassets in Resources */,
				2A3CDB2C260E1D1C00F04F63 /* Main.storyboard in Resources */,
			);
			runOnlyForDeploymentPostprocessing = 0;
		};
		2A3CDB38260E1D1F00F04F63 /* Resources */ = {
			isa = PBXResourcesBuildPhase;
			buildActionMask = 2147483647;
			files = (
			);
			runOnlyForDeploymentPostprocessing = 0;
		};
/* End PBXResourcesBuildPhase section */

/* Begin PBXSourcesBuildPhase section */
		2A3CDB1D260E1D1C00F04F63 /* Sources */ = {
			isa = PBXSourcesBuildPhase;
			buildActionMask = 2147483647;
			files = (
				2A3CDB29260E1D1C00F04F63 /* ViewController.swift in Sources */,
				2A3CDB25260E1D1C00F04F63 /* AppDelegate.swift in Sources */,
				2A3CDB27260E1D1C00F04F63 /* SceneDelegate.swift in Sources */,
				2A3CDB2F260E1D1C00F04F63 /* CoreDataExample.xcdatamodeld in Sources */,
			);
			runOnlyForDeploymentPostprocessing = 0;
		};
		2A3CDB36260E1D1F00F04F63 /* Sources */ = {
			isa = PBXSourcesBuildPhase;
			buildActionMask = 2147483647;
			files = (
				2A3CDB3F260E1D1F00F04F63 /* CoreDataExampleUITests.swift in Sources */,
			);
			runOnlyForDeploymentPostprocessing = 0;
		};
/* End PBXSourcesBuildPhase section */

/* Begin PBXTargetDependency section */
		2A3CDB3C260E1D1F00F04F63 /* PBXTargetDependency */ = {
			isa = PBXTargetDependency;
			target = 2A3CDB20260E1D1C00F04F63 /* CoreDataExample */;
			targetProxy = 2A3CDB3B260E1D1F00F04F63 /* PBXContainerItemProxy */;
		};
/* End PBXTargetDependency section */

/* Begin PBXVariantGroup section */
		2A3CDB2A260E1D1C00F04F63 /* Main.storyboard */ = {
			isa = PBXVariantGroup;
			children = (
				2A3CDB2B260E1D1C00F04F63 /* Base */,
			);
			name = Main.storyboard;
			sourceTree = "<group>";
		};
		2A3CDB32260E1D1E00F04F63 /* LaunchScreen.storyboard */ = {
			isa = PBXVariantGroup;
			children = (
				2A3CDB33260E1D1E00F04F63 /* Base */,
			);
			name = LaunchScreen.storyboard;
			sourceTree = "<group>";
		};
/* End PBXVariantGroup section */

/* Begin XCBuildConfiguration section */
		2A3CDB41260E1D1F00F04F63 /* Debug */ = {
			isa = XCBuildConfiguration;
			buildSettings = {
				ALWAYS_SEARCH_USER_PATHS = NO;
				CLANG_ANALYZER_NONNULL = YES;
				CLANG_ANALYZER_NUMBER_OBJECT_CONVERSION = YES_AGGRESSIVE;
				CLANG_CXX_LANGUAGE_STANDARD = "gnu++14";
				CLANG_CXX_LIBRARY = "libc++";
				CLANG_ENABLE_MODULES = YES;
				CLANG_ENABLE_OBJC_ARC = YES;
				CLANG_ENABLE_OBJC_WEAK = YES;
				CLANG_WARN_BLOCK_CAPTURE_AUTORELEASING = YES;
				CLANG_WARN_BOOL_CONVERSION = YES;
				CLANG_WARN_COMMA = YES;
				CLANG_WARN_CONSTANT_CONVERSION = YES;
				CLANG_WARN_DEPRECATED_OBJC_IMPLEMENTATIONS = YES;
				CLANG_WARN_DIRECT_OBJC_ISA_USAGE = YES_ERROR;
				CLANG_WARN_DOCUMENTATION_COMMENTS = YES;
				CLANG_WARN_EMPTY_BODY = YES;
				CLANG_WARN_ENUM_CONVERSION = YES;
				CLANG_WARN_INFINITE_RECURSION = YES;
				CLANG_WARN_INT_CONVERSION = YES;
				CLANG_WARN_NON_LITERAL_NULL_CONVERSION = YES;
				CLANG_WARN_OBJC_IMPLICIT_RETAIN_SELF = YES;
				CLANG_WARN_OBJC_LITERAL_CONVERSION = YES;
				CLANG_WARN_OBJC_ROOT_CLASS = YES_ERROR;
				CLANG_WARN_RANGE_LOOP_ANALYSIS = YES;
				CLANG_WARN_STRICT_PROTOTYPES = YES;
				CLANG_WARN_SUSPICIOUS_MOVE = YES;
				CLANG_WARN_UNGUARDED_AVAILABILITY = YES_AGGRESSIVE;
				CLANG_WARN_UNREACHABLE_CODE = YES;
				CLANG_WARN__DUPLICATE_METHOD_MATCH = YES;
				COPY_PHASE_STRIP = NO;
				DEBUG_INFORMATION_FORMAT = dwarf;
				ENABLE_STRICT_OBJC_MSGSEND = YES;
				ENABLE_TESTABILITY = YES;
				GCC_C_LANGUAGE_STANDARD = gnu11;
				GCC_DYNAMIC_NO_PIC = NO;
				GCC_NO_COMMON_BLOCKS = YES;
				GCC_OPTIMIZATION_LEVEL = 0;
				GCC_PREPROCESSOR_DEFINITIONS = (
					"DEBUG=1",
					"$(inherited)",
				);
				GCC_WARN_64_TO_32_BIT_CONVERSION = YES;
				GCC_WARN_ABOUT_RETURN_TYPE = YES_ERROR;
				GCC_WARN_UNDECLARED_SELECTOR = YES;
				GCC_WARN_UNINITIALIZED_AUTOS = YES_AGGRESSIVE;
				GCC_WARN_UNUSED_FUNCTION = YES;
				GCC_WARN_UNUSED_VARIABLE = YES;
				IPHONEOS_DEPLOYMENT_TARGET = 13.2;
				MTL_ENABLE_DEBUG_INFO = INCLUDE_SOURCE;
				MTL_FAST_MATH = YES;
				ONLY_ACTIVE_ARCH = YES;
				SDKROOT = iphoneos;
				SWIFT_ACTIVE_COMPILATION_CONDITIONS = DEBUG;
				SWIFT_OPTIMIZATION_LEVEL = "-Onone";
			};
			name = Debug;
		};
		2A3CDB42260E1D1F00F04F63 /* Release */ = {
			isa = XCBuildConfiguration;
			buildSettings = {
				ALWAYS_SEARCH_USER_PATHS = NO;
				CLANG_ANALYZER_NONNULL = YES;
				CLANG_ANALYZER_NUMBER_OBJECT_CONVERSION = YES_AGGRESSIVE;
				CLANG_CXX_LANGUAGE_STANDARD = "gnu++14";
				CLANG_CXX_LIBRARY = "libc++";
				CLANG_ENABLE_MODULES = YES;
				CLANG_ENABLE_OBJC_ARC = YES;
				CLANG_ENABLE_OBJC_WEAK = YES;
				CLANG_WARN_BLOCK_CAPTURE_AUTORELEASING = YES;
				CLANG_WARN_BOOL_CONVERSION = YES;
				CLANG_WARN_COMMA = YES;
				CLANG_WARN_CONSTANT_CONVERSION = YES;
				CLANG_WARN_DEPRECATED_OBJC_IMPLEMENTATIONS = YES;
				CLANG_WARN_DIRECT_OBJC_ISA_USAGE = YES_ERROR;
				CLANG_WARN_DOCUMENTATION_COMMENTS = YES;
				CLANG_WARN_EMPTY_BODY = YES;
				CLANG_WARN_ENUM_CONVERSION = YES;
				CLANG_WARN_INFINITE_RECURSION = YES;
				CLANG_WARN_INT_CONVERSION = YES;
				CLANG_WARN_NON_LITERAL_NULL_CONVERSION = YES;
				CLANG_WARN_OBJC_IMPLICIT_RETAIN_SELF = YES;
				CLANG_WARN_OBJC_LITERAL_CONVERSION = YES;
				CLANG_WARN_OBJC_ROOT_CLASS = YES_ERROR;
				CLANG_WARN_RANGE_LOOP_ANALYSIS = YES;
				CLANG_WARN_STRICT_PROTOTYPES = YES;
				CLANG_WARN_SUSPICIOUS_MOVE = YES;
				CLANG_WARN_UNGUARDED_AVAILABILITY = YES_AGGRESSIVE;
				CLANG_WARN_UNREACHABLE_CODE = YES;
				CLANG_WARN__DUPLICATE_METHOD_MATCH = YES;
				COPY_PHASE_STRIP = NO;
				DEBUG_INFORMATION_FORMAT = "dwarf-with-dsym";
				ENABLE_NS_ASSERTIONS = NO;
				ENABLE_STRICT_OBJC_MSGSEND = YES;
				GCC_C_LANGUAGE_STANDARD = gnu11;
				GCC_NO_COMMON_BLOCKS = YES;
				GCC_WARN_64_TO_32_BIT_CONVERSION = YES;
				GCC_WARN_ABOUT_RETURN_TYPE = YES_ERROR;
				GCC_WARN_UNDECLARED_SELECTOR = YES;
				GCC_WARN_UNINITIALIZED_AUTOS = YES_AGGRESSIVE;
				GCC_WARN_UNUSED_FUNCTION = YES;
				GCC_WARN_UNUSED_VARIABLE = YES;
				IPHONEOS_DEPLOYMENT_TARGET = 13.2;
				MTL_ENABLE_DEBUG_INFO = NO;
				MTL_FAST_MATH = YES;
				SDKROOT = iphoneos;
				SWIFT_COMPILATION_MODE = wholemodule;
				SWIFT_OPTIMIZATION_LEVEL = "-O";
				VALIDATE_PRODUCT = YES;
			};
			name = Release;
		};
		2A3CDB44260E1D1F00F04F63 /* Debug */ = {
			isa = XCBuildConfiguration;
			buildSettings = {
				ASSETCATALOG_COMPILER_APPICON_NAME = AppIcon;
				CODE_SIGN_STYLE = Automatic;
				DEVELOPMENT_TEAM = Z65RY352B5;
				INFOPLIST_FILE = CoreDataExample/Info.plist;
				LD_RUNPATH_SEARCH_PATHS = (
					"$(inherited)",
					"@executable_path/Frameworks",
				);
				PRODUCT_BUNDLE_IDENTIFIER = com.Nuclei.CoreDataExample;
				PRODUCT_NAME = "$(TARGET_NAME)";
				SWIFT_VERSION = 5.0;
				TARGETED_DEVICE_FAMILY = "1,2";
			};
			name = Debug;
		};
		2A3CDB45260E1D1F00F04F63 /* Release */ = {
			isa = XCBuildConfiguration;
			buildSettings = {
				ASSETCATALOG_COMPILER_APPICON_NAME = AppIcon;
				CODE_SIGN_STYLE = Automatic;
				DEVELOPMENT_TEAM = Z65RY352B5;
				INFOPLIST_FILE = CoreDataExample/Info.plist;
				LD_RUNPATH_SEARCH_PATHS = (
					"$(inherited)",
					"@executable_path/Frameworks",
				);
				PRODUCT_BUNDLE_IDENTIFIER = com.Nuclei.CoreDataExample;
				PRODUCT_NAME = "$(TARGET_NAME)";
				SWIFT_VERSION = 5.0;
				TARGETED_DEVICE_FAMILY = "1,2";
			};
			name = Release;
		};
		2A3CDB47260E1D1F00F04F63 /* Debug */ = {
			isa = XCBuildConfiguration;
			buildSettings = {
				ALWAYS_EMBED_SWIFT_STANDARD_LIBRARIES = YES;
				CODE_SIGN_STYLE = Automatic;
				DEVELOPMENT_TEAM = Z65RY352B5;
				INFOPLIST_FILE = CoreDataExampleUITests/Info.plist;
				LD_RUNPATH_SEARCH_PATHS = (
					"$(inherited)",
					"@executable_path/Frameworks",
					"@loader_path/Frameworks",
				);
				PRODUCT_BUNDLE_IDENTIFIER = com.Nuclei.CoreDataExampleUITests;
				PRODUCT_NAME = "$(TARGET_NAME)";
				SWIFT_VERSION = 5.0;
				TARGETED_DEVICE_FAMILY = "1,2";
				TEST_TARGET_NAME = CoreDataExample;
			};
			name = Debug;
		};
		2A3CDB48260E1D1F00F04F63 /* Release */ = {
			isa = XCBuildConfiguration;
			buildSettings = {
				ALWAYS_EMBED_SWIFT_STANDARD_LIBRARIES = YES;
				CODE_SIGN_STYLE = Automatic;
				DEVELOPMENT_TEAM = Z65RY352B5;
				INFOPLIST_FILE = CoreDataExampleUITests/Info.plist;
				LD_RUNPATH_SEARCH_PATHS = (
					"$(inherited)",
					"@executable_path/Frameworks",
					"@loader_path/Frameworks",
				);
				PRODUCT_BUNDLE_IDENTIFIER = com.Nuclei.CoreDataExampleUITests;
				PRODUCT_NAME = "$(TARGET_NAME)";
				SWIFT_VERSION = 5.0;
				TARGETED_DEVICE_FAMILY = "1,2";
				TEST_TARGET_NAME = CoreDataExample;
			};
			name = Release;
		};
/* End XCBuildConfiguration section */

/* Begin XCConfigurationList section */
		2A3CDB1C260E1D1C00F04F63 /* Build configuration list for PBXProject "CoreDataExample" */ = {
			isa = XCConfigurationList;
			buildConfigurations = (
				2A3CDB41260E1D1F00F04F63 /* Debug */,
				2A3CDB42260E1D1F00F04F63 /* Release */,
			);
			defaultConfigurationIsVisible = 0;
			defaultConfigurationName = Release;
		};
		2A3CDB43260E1D1F00F04F63 /* Build configuration list for PBXNativeTarget "CoreDataExample" */ = {
			isa = XCConfigurationList;
			buildConfigurations = (
				2A3CDB44260E1D1F00F04F63 /* Debug */,
				2A3CDB45260E1D1F00F04F63 /* Release */,
			);
			defaultConfigurationIsVisible = 0;
			defaultConfigurationName = Release;
		};
		2A3CDB46260E1D1F00F04F63 /* Build configuration list for PBXNativeTarget "CoreDataExampleUITests" */ = {
			isa = XCConfigurationList;
			buildConfigurations = (
				2A3CDB47260E1D1F00F04F63 /* Debug */,
				2A3CDB48260E1D1F00F04F63 /* Release */,
			);
			defaultConfigurationIsVisible = 0;
			defaultConfigurationName = Release;
		};
/* End XCConfigurationList section */

/* Begin XCVersionGroup section */
		2A3CDB2D260E1D1C00F04F63 /* CoreDataExample.xcdatamodeld */ = {
			isa = XCVersionGroup;
			children = (
				2A3CDB2E260E1D1C00F04F63 /* CoreDataExample.xcdatamodel */,
			);
			currentVersion = 2A3CDB2E260E1D1C00F04F63 /* CoreDataExample.xcdatamodel */;
			path = CoreDataExample.xcdatamodeld;
			sourceTree = "<group>";
			versionGroupType = wrapper.xcdatamodel;
		};
/* End XCVersionGroup section */
	};
	rootObject = 2A3CDB19260E1D1C00F04F63 /* Project object */;
}
